
Microsoft Visual Studio Solution File, Format Version 12.00
# Visual Studio Version 17
VisualStudioVersion = 17.1.32319.34
MinimumVisualStudioVersion = 10.0.40219.1
Project("{9A19103F-16F7-4668-BE54-9A1E7A4F7556}") = "WebBotCore", "WebBotCore\WebBotCore.csproj", "{A95CF7C4-0791-43F4-A68E-BE0C95BED5CE}"
EndProject
Project("{9A19103F-16F7-4668-BE54-9A1E7A4F7556}") = "WebBotCore.Tests", "WebBotCore.Tests\WebBotCore.Tests.csproj", "{46DB3F84-E4CB-4B90-BCBA-9791D893AB0A}"
EndProject
Global
	GlobalSection(SolutionConfigurationPlatforms) = preSolution
		Debug|Any CPU = Debug|Any CPU
		Release|Any CPU = Release|Any CPU
	EndGlobalSection
	GlobalSection(ProjectConfigurationPlatforms) = postSolution
		{A95CF7C4-0791-43F4-A68E-BE0C95BED5CE}.Debug|Any CPU.ActiveCfg = Debug|Any CPU
		{A95CF7C4-0791-43F4-A68E-BE0C95BED5CE}.Debug|Any CPU.Build.0 = Debug|Any CPU
		{A95CF7C4-0791-43F4-A68E-BE0C95BED5CE}.Release|Any CPU.ActiveCfg = Release|Any CPU
		{A95CF7C4-0791-43F4-A68E-BE0C95BED5CE}.Release|Any CPU.Build.0 = Release|Any CPU
		{46DB3F84-E4CB-4B90-BCBA-9791D893AB0A}.Debug|Any CPU.ActiveCfg = Debug|Any CPU
		{46DB3F84-E4CB-4B90-BCBA-9791D893AB0A}.Debug|Any CPU.Build.0 = Debug|Any CPU
		{46DB3F84-E4CB-4B90-BCBA-9791D893AB0A}.Release|Any CPU.ActiveCfg = Release|Any CPU
		{46DB3F84-E4CB-4B90-BCBA-9791D893AB0A}.Release|Any CPU.Build.0 = Release|Any CPU
	EndGlobalSection
	GlobalSection(SolutionProperties) = preSolution
		HideSolutionNode = FALSE
	EndGlobalSection
	GlobalSection(ExtensibilityGlobals) = postSolution
		SolutionGuid = {D09B7155-A9A2-4831-9058-0583059264ED}
	EndGlobalSection
EndGlobal
